
Microsoft Visual Studio Solution File, Format Version 12.00
# Visual Studio Version 17
VisualStudioVersion = 17.7.34003.232
MinimumVisualStudioVersion = 10.0.40219.1
Project("{9A19103F-16F7-4668-BE54-9A1E7A4F7556}") = "Aufgabe Funktionen", "Aufgabe 1-9\Aufgabe Funktionen.csproj", "{2D6236B0-020C-4E59-B826-85F85D774A2E}"
EndProject
Global
	GlobalSection(SolutionConfigurationPlatforms) = preSolution
		Debug|Any CPU = Debug|Any CPU
		Release|Any CPU = Release|Any CPU
	EndGlobalSection
	GlobalSection(ProjectConfigurationPlatforms) = postSolution
		{2D6236B0-020C-4E59-B826-85F85D774A2E}.Debug|Any CPU.ActiveCfg = Debug|Any CPU
		{2D6236B0-020C-4E59-B826-85F85D774A2E}.Debug|Any CPU.Build.0 = Debug|Any CPU
		{2D6236B0-020C-4E59-B826-85F85D774A2E}.Release|Any CPU.ActiveCfg = Release|Any CPU
		{2D6236B0-020C-4E59-B826-85F85D774A2E}.Release|Any CPU.Build.0 = Release|Any CPU
	EndGlobalSection
	GlobalSection(SolutionProperties) = preSolution
		HideSolutionNode = FALSE
	EndGlobalSection
	GlobalSection(ExtensibilityGlobals) = postSolution
		SolutionGuid = {A368359E-F078-4FB3-A08B-408A7A235F84}
	EndGlobalSection
EndGlobal
